
Microsoft Visual Studio Solution File, Format Version 12.00
# Visual Studio Version 16
VisualStudioVersion = 16.0.30309.148
MinimumVisualStudioVersion = 10.0.40219.1
Project("{FAE04EC0-301F-11D3-BF4B-00C04F79EFBC}") = "Classes", "Classes\Classes.csproj", "{15888FF7-03E6-48A2-9A58-20A29A69C3C0}"
EndProject
Project("{FAE04EC0-301F-11D3-BF4B-00C04F79EFBC}") = "MaterialAPI", "MaterialAPI\MaterialAPI.csproj", "{C2E9CD55-13F4-45B3-9DCB-2EF06A88077B}"
EndProject
Global
	GlobalSection(SolutionConfigurationPlatforms) = preSolution
		Debug|Any CPU = Debug|Any CPU
		Release|Any CPU = Release|Any CPU
	EndGlobalSection
	GlobalSection(ProjectConfigurationPlatforms) = postSolution
		{15888FF7-03E6-48A2-9A58-20A29A69C3C0}.Debug|Any CPU.ActiveCfg = Debug|Any CPU
		{15888FF7-03E6-48A2-9A58-20A29A69C3C0}.Debug|Any CPU.Build.0 = Debug|Any CPU
		{15888FF7-03E6-48A2-9A58-20A29A69C3C0}.Release|Any CPU.ActiveCfg = Release|Any CPU
		{15888FF7-03E6-48A2-9A58-20A29A69C3C0}.Release|Any CPU.Build.0 = Release|Any CPU
		{C2E9CD55-13F4-45B3-9DCB-2EF06A88077B}.Debug|Any CPU.ActiveCfg = Debug|Any CPU
		{C2E9CD55-13F4-45B3-9DCB-2EF06A88077B}.Debug|Any CPU.Build.0 = Debug|Any CPU
		{C2E9CD55-13F4-45B3-9DCB-2EF06A88077B}.Release|Any CPU.ActiveCfg = Release|Any CPU
		{C2E9CD55-13F4-45B3-9DCB-2EF06A88077B}.Release|Any CPU.Build.0 = Release|Any CPU
	EndGlobalSection
	GlobalSection(SolutionProperties) = preSolution
		HideSolutionNode = FALSE
	EndGlobalSection
	GlobalSection(ExtensibilityGlobals) = postSolution
		SolutionGuid = {EC0EF1BC-CE27-4093-9559-859C56D89FE5}
	EndGlobalSection
EndGlobal
